
Microsoft Visual Studio Solution File, Format Version 12.00
# Visual Studio 2015
Project("{FAE04EC0-301F-11D3-BF4B-00C04F79EFBC}") = "MapExport", "MapExport.csproj", "{A26DA4AC-4189-305F-4D77-C2956146CB8C}"
EndProject
Project("{FAE04EC0-301F-11D3-BF4B-00C04F79EFBC}") = "MapExport.Editor", "MapExport.Editor.csproj", "{45FC963A-DC7C-5BDF-E282-251A91B177D6}"
EndProject
Global
	GlobalSection(SolutionConfigurationPlatforms) = preSolution
		Debug|Any CPU = Debug|Any CPU
		Release|Any CPU = Release|Any CPU
	EndGlobalSection
	GlobalSection(ProjectConfigurationPlatforms) = postSolution
		{A26DA4AC-4189-305F-4D77-C2956146CB8C}.Debug|Any CPU.ActiveCfg = Debug|Any CPU
		{A26DA4AC-4189-305F-4D77-C2956146CB8C}.Debug|Any CPU.Build.0 = Debug|Any CPU
		{A26DA4AC-4189-305F-4D77-C2956146CB8C}.Release|Any CPU.ActiveCfg = Release|Any CPU
		{A26DA4AC-4189-305F-4D77-C2956146CB8C}.Release|Any CPU.Build.0 = Release|Any CPU
		{45FC963A-DC7C-5BDF-E282-251A91B177D6}.Debug|Any CPU.ActiveCfg = Debug|Any CPU
		{45FC963A-DC7C-5BDF-E282-251A91B177D6}.Debug|Any CPU.Build.0 = Debug|Any CPU
		{45FC963A-DC7C-5BDF-E282-251A91B177D6}.Release|Any CPU.ActiveCfg = Release|Any CPU
		{45FC963A-DC7C-5BDF-E282-251A91B177D6}.Release|Any CPU.Build.0 = Release|Any CPU
	EndGlobalSection
	GlobalSection(SolutionProperties) = preSolution
		HideSolutionNode = FALSE
	EndGlobalSection
EndGlobal
